
Microsoft Visual Studio Solution File, Format Version 11.00
# Visual Studio 2010
Project("{2150E333-8FDC-42A3-9474-1A3956D46DE8}") = "pkgs", "pkgs", "{43F04A45-4876-458A-A344-CB307A113497}"
EndProject
Project("{2150E333-8FDC-42A3-9474-1A3956D46DE8}") = "apps", "apps", "{9D20F0FB-04EA-4709-9165-267047ABB8D8}"
EndProject
Project("{8BC9CEB8-8B4A-11D0-8D11-00A0C91BC942}") = "RNBasics", "..\pkgs\RNBasics\RNBasics.vcxproj", "{0E7497C1-A630-420B-BBD6-BA08E27069C7}"
EndProject
Project("{8BC9CEB8-8B4A-11D0-8D11-00A0C91BC942}") = "RNMath", "..\pkgs\RNMath\RNMath.vcxproj", "{0E7497C1-A630-420B-BBD6-BA08A27069C7}"
EndProject
Project("{8BC9CEB8-8B4A-11D0-8D11-00A0C91BC942}") = "R2Shapes", "..\pkgs\R2Shapes\R2Shapes.vcxproj", "{C5F9212A-131B-424A-BE61-5AAFC3FF6D56}"
	ProjectSection(ProjectDependencies) = postProject
		{D7106239-8D92-452E-A278-3AC3F4027E66} = {D7106239-8D92-452E-A278-3AC3F4027E66}
	EndProjectSection
EndProject
Project("{8BC9CEB8-8B4A-11D0-8D11-00A0C91BC942}") = "R3Shapes", "..\pkgs\R3Shapes\R3Shapes.vcxproj", "{CCFB21C7-0922-4C29-B1AC-4D33094EBE06}"
EndProject
Project("{8BC9CEB8-8B4A-11D0-8D11-00A0C91BC942}") = "R3Graphics", "..\pkgs\R3Graphics\R3Graphics.vcxproj", "{098EC8E1-0E02-473E-8977-81862ACD2657}"
EndProject
Project("{8BC9CEB8-8B4A-11D0-8D11-00A0C91BC942}") = "fglut", "..\pkgs\fglut\fglut.vcxproj", "{245FD70C-6B13-4581-B674-838551C69144}"
EndProject
Project("{8BC9CEB8-8B4A-11D0-8D11-00A0C91BC942}") = "jpeg", "..\pkgs\jpeg\jpeg.vcxproj", "{1931D591-06F3-49E2-B1A8-4CD44EC456A9}"
EndProject
Project("{8BC9CEB8-8B4A-11D0-8D11-00A0C91BC942}") = "png", "..\pkgs\png\png.vcxproj", "{D7106239-8D92-452E-A278-3AC3F4027E66}"
EndProject
Project("{8BC9CEB8-8B4A-11D0-8D11-00A0C91BC942}") = "mshinfo", "..\apps\mshinfo\mshinfo.vcxproj", "{6A250684-14FF-453B-9669-59B3E79AACEA}"
	ProjectSection(ProjectDependencies) = postProject
		{D7106239-8D92-452E-A278-3AC3F4027E66} = {D7106239-8D92-452E-A278-3AC3F4027E66}
	EndProjectSection
EndProject
Project("{8BC9CEB8-8B4A-11D0-8D11-00A0C91BC942}") = "mshview", "..\apps\mshview\mshview.vcxproj", "{B69E8855-9366-49BE-A96F-135C2778FD65}"
	ProjectSection(ProjectDependencies) = postProject
		{245FD70C-6B13-4581-B674-838551C69144} = {245FD70C-6B13-4581-B674-838551C69144}
		{D7106239-8D92-452E-A278-3AC3F4027E66} = {D7106239-8D92-452E-A278-3AC3F4027E66}
	EndProjectSection
EndProject
Project("{8BC9CEB8-8B4A-11D0-8D11-00A0C91BC942}") = "prp2prp", "..\apps\prp2prp\prp2prp.vcxproj", "{EB4F833A-9A88-4A13-988D-0F4AF178A41F}"
	ProjectSection(ProjectDependencies) = postProject
		{D7106239-8D92-452E-A278-3AC3F4027E66} = {D7106239-8D92-452E-A278-3AC3F4027E66}
	EndProjectSection
EndProject
Project("{8BC9CEB8-8B4A-11D0-8D11-00A0C91BC942}") = "prpview", "..\apps\prpview\prpview.vcxproj", "{E94B0669-6404-4170-9786-94963E388A11}"
	ProjectSection(ProjectDependencies) = postProject
		{245FD70C-6B13-4581-B674-838551C69144} = {245FD70C-6B13-4581-B674-838551C69144}
		{D7106239-8D92-452E-A278-3AC3F4027E66} = {D7106239-8D92-452E-A278-3AC3F4027E66}
	EndProjectSection
EndProject
Project("{8BC9CEB8-8B4A-11D0-8D11-00A0C91BC942}") = "msh2prp", "..\apps\msh2prp\msh2prp.vcxproj", "{012CC5FC-0035-4820-B6A8-AD314D1759D5}"
	ProjectSection(ProjectDependencies) = postProject
		{D7106239-8D92-452E-A278-3AC3F4027E66} = {D7106239-8D92-452E-A278-3AC3F4027E66}
	EndProjectSection
EndProject
Project("{8BC9CEB8-8B4A-11D0-8D11-00A0C91BC942}") = "img2img", "..\apps\img2img\img2img.vcxproj", "{4B074304-CEB3-4D51-85FE-3BA3BC009DEF}"
	ProjectSection(ProjectDependencies) = postProject
		{D7106239-8D92-452E-A278-3AC3F4027E66} = {D7106239-8D92-452E-A278-3AC3F4027E66}
	EndProjectSection
EndProject
Project("{8BC9CEB8-8B4A-11D0-8D11-00A0C91BC942}") = "grd2grd", "..\apps\grd2grd\grd2grd.vcxproj", "{74973EA3-7040-4DD6-88C5-343543859CE5}"
	ProjectSection(ProjectDependencies) = postProject
		{D7106239-8D92-452E-A278-3AC3F4027E66} = {D7106239-8D92-452E-A278-3AC3F4027E66}
	EndProjectSection
EndProject
Project("{8BC9CEB8-8B4A-11D0-8D11-00A0C91BC942}") = "grd2msh", "..\apps\grd2msh\grd2msh.vcxproj", "{3C4B3F47-784A-44E4-8502-BF5EFCBCA99C}"
	ProjectSection(ProjectDependencies) = postProject
		{D7106239-8D92-452E-A278-3AC3F4027E66} = {D7106239-8D92-452E-A278-3AC3F4027E66}
	EndProjectSection
EndProject
Project("{8BC9CEB8-8B4A-11D0-8D11-00A0C91BC942}") = "grd2txt", "..\apps\grd2txt\grd2txt.vcxproj", "{DFAFDE12-0AAC-4B37-BE04-D4488867D061}"
	ProjectSection(ProjectDependencies) = postProject
		{D7106239-8D92-452E-A278-3AC3F4027E66} = {D7106239-8D92-452E-A278-3AC3F4027E66}
	EndProjectSection
EndProject
Project("{8BC9CEB8-8B4A-11D0-8D11-00A0C91BC942}") = "grdview", "..\apps\grdview\grdview.vcxproj", "{57348EF9-F73F-4C85-B5DC-AD8A2DCAF464}"
	ProjectSection(ProjectDependencies) = postProject
		{245FD70C-6B13-4581-B674-838551C69144} = {245FD70C-6B13-4581-B674-838551C69144}
		{D7106239-8D92-452E-A278-3AC3F4027E66} = {D7106239-8D92-452E-A278-3AC3F4027E66}
	EndProjectSection
EndProject
Project("{8BC9CEB8-8B4A-11D0-8D11-00A0C91BC942}") = "msh2grd", "..\apps\msh2grd\msh2grd.vcxproj", "{61887653-7E9F-4FFB-8262-DDD28779C63F}"
	ProjectSection(ProjectDependencies) = postProject
		{D7106239-8D92-452E-A278-3AC3F4027E66} = {D7106239-8D92-452E-A278-3AC3F4027E66}
	EndProjectSection
EndProject
Project("{8BC9CEB8-8B4A-11D0-8D11-00A0C91BC942}") = "msh2pts", "..\apps\msh2pts\msh2pts.vcxproj", "{A15EAEBA-DA04-4A18-A886-8CCD42CD7DC9}"
	ProjectSection(ProjectDependencies) = postProject
		{D7106239-8D92-452E-A278-3AC3F4027E66} = {D7106239-8D92-452E-A278-3AC3F4027E66}
	EndProjectSection
EndProject
Project("{8BC9CEB8-8B4A-11D0-8D11-00A0C91BC942}") = "msh2msh", "..\apps\msh2msh\msh2msh.vcxproj", "{BF250980-EF7E-488D-8238-984624942D85}"
	ProjectSection(ProjectDependencies) = postProject
		{D7106239-8D92-452E-A278-3AC3F4027E66} = {D7106239-8D92-452E-A278-3AC3F4027E66}
	EndProjectSection
EndProject
Project("{8BC9CEB8-8B4A-11D0-8D11-00A0C91BC942}") = "grd2pts", "..\apps\grd2pts\grd2pts.vcxproj", "{399693B1-ADFD-48AF-B01C-E3BB6472B27B}"
	ProjectSection(ProjectDependencies) = postProject
		{D7106239-8D92-452E-A278-3AC3F4027E66} = {D7106239-8D92-452E-A278-3AC3F4027E66}
	EndProjectSection
EndProject
Global
	GlobalSection(SolutionConfigurationPlatforms) = preSolution
		Debug|Win32 = Debug|Win32
		Release|Win32 = Release|Win32
	EndGlobalSection
	GlobalSection(ProjectConfigurationPlatforms) = postSolution
		{0E7497C1-A630-420B-BBD6-BA08E27069C7}.Debug|Win32.ActiveCfg = Debug|Win32
		{0E7497C1-A630-420B-BBD6-BA08E27069C7}.Debug|Win32.Build.0 = Debug|Win32
		{0E7497C1-A630-420B-BBD6-BA08E27069C7}.Release|Win32.ActiveCfg = Release|Win32
		{0E7497C1-A630-420B-BBD6-BA08E27069C7}.Release|Win32.Build.0 = Release|Win32
		{C5F9212A-131B-424A-BE61-5AAFC3FF6D56}.Debug|Win32.ActiveCfg = Debug|Win32
		{C5F9212A-131B-424A-BE61-5AAFC3FF6D56}.Debug|Win32.Build.0 = Debug|Win32
		{C5F9212A-131B-424A-BE61-5AAFC3FF6D56}.Release|Win32.ActiveCfg = Release|Win32
		{C5F9212A-131B-424A-BE61-5AAFC3FF6D56}.Release|Win32.Build.0 = Release|Win32
		{CCFB21C7-0922-4C29-B1AC-4D33094EBE06}.Debug|Win32.ActiveCfg = Debug|Win32
		{CCFB21C7-0922-4C29-B1AC-4D33094EBE06}.Debug|Win32.Build.0 = Debug|Win32
		{CCFB21C7-0922-4C29-B1AC-4D33094EBE06}.Release|Win32.ActiveCfg = Release|Win32
		{CCFB21C7-0922-4C29-B1AC-4D33094EBE06}.Release|Win32.Build.0 = Release|Win32
		{098EC8E1-0E02-473E-8977-81862ACD2657}.Debug|Win32.ActiveCfg = Debug|Win32
		{098EC8E1-0E02-473E-8977-81862ACD2657}.Debug|Win32.Build.0 = Debug|Win32
		{098EC8E1-0E02-473E-8977-81862ACD2657}.Release|Win32.ActiveCfg = Release|Win32
		{098EC8E1-0E02-473E-8977-81862ACD2657}.Release|Win32.Build.0 = Release|Win32
		{245FD70C-6B13-4581-B674-838551C69144}.Debug|Win32.ActiveCfg = Debug|Win32
		{245FD70C-6B13-4581-B674-838551C69144}.Debug|Win32.Build.0 = Debug|Win32
		{245FD70C-6B13-4581-B674-838551C69144}.Release|Win32.ActiveCfg = Release|Win32
		{245FD70C-6B13-4581-B674-838551C69144}.Release|Win32.Build.0 = Release|Win32
		{1931D591-06F3-49E2-B1A8-4CD44EC456A9}.Debug|Win32.ActiveCfg = Debug|Win32
		{1931D591-06F3-49E2-B1A8-4CD44EC456A9}.Debug|Win32.Build.0 = Debug|Win32
		{1931D591-06F3-49E2-B1A8-4CD44EC456A9}.Release|Win32.ActiveCfg = Release|Win32
		{1931D591-06F3-49E2-B1A8-4CD44EC456A9}.Release|Win32.Build.0 = Release|Win32
		{D7106239-8D92-452E-A278-3AC3F4027E66}.Debug|Win32.ActiveCfg = Debug|Win32
		{D7106239-8D92-452E-A278-3AC3F4027E66}.Debug|Win32.Build.0 = Debug|Win32
		{D7106239-8D92-452E-A278-3AC3F4027E66}.Release|Win32.ActiveCfg = Release|Win32
		{D7106239-8D92-452E-A278-3AC3F4027E66}.Release|Win32.Build.0 = Release|Win32
		{6A250684-14FF-453B-9669-59B3E79AACEA}.Debug|Win32.ActiveCfg = Debug|Win32
		{6A250684-14FF-453B-9669-59B3E79AACEA}.Debug|Win32.Build.0 = Debug|Win32
		{6A250684-14FF-453B-9669-59B3E79AACEA}.Release|Win32.ActiveCfg = Release|Win32
		{6A250684-14FF-453B-9669-59B3E79AACEA}.Release|Win32.Build.0 = Release|Win32
		{B69E8855-9366-49BE-A96F-135C2778FD65}.Debug|Win32.ActiveCfg = Debug|Win32
		{B69E8855-9366-49BE-A96F-135C2778FD65}.Debug|Win32.Build.0 = Debug|Win32
		{B69E8855-9366-49BE-A96F-135C2778FD65}.Release|Win32.ActiveCfg = Release|Win32
		{B69E8855-9366-49BE-A96F-135C2778FD65}.Release|Win32.Build.0 = Release|Win32
		{EB4F833A-9A88-4A13-988D-0F4AF178A41F}.Debug|Win32.ActiveCfg = Debug|Win32
		{EB4F833A-9A88-4A13-988D-0F4AF178A41F}.Debug|Win32.Build.0 = Debug|Win32
		{EB4F833A-9A88-4A13-988D-0F4AF178A41F}.Release|Win32.ActiveCfg = Release|Win32
		{EB4F833A-9A88-4A13-988D-0F4AF178A41F}.Release|Win32.Build.0 = Release|Win32
		{E94B0669-6404-4170-9786-94963E388A11}.Debug|Win32.ActiveCfg = Debug|Win32
		{E94B0669-6404-4170-9786-94963E388A11}.Debug|Win32.Build.0 = Debug|Win32
		{E94B0669-6404-4170-9786-94963E388A11}.Release|Win32.ActiveCfg = Release|Win32
		{E94B0669-6404-4170-9786-94963E388A11}.Release|Win32.Build.0 = Release|Win32
		{012CC5FC-0035-4820-B6A8-AD314D1759D5}.Debug|Win32.ActiveCfg = Debug|Win32
		{012CC5FC-0035-4820-B6A8-AD314D1759D5}.Debug|Win32.Build.0 = Debug|Win32
		{012CC5FC-0035-4820-B6A8-AD314D1759D5}.Release|Win32.ActiveCfg = Release|Win32
		{012CC5FC-0035-4820-B6A8-AD314D1759D5}.Release|Win32.Build.0 = Release|Win32
		{4B074304-CEB3-4D51-85FE-3BA3BC009DEF}.Debug|Win32.ActiveCfg = Debug|Win32
		{4B074304-CEB3-4D51-85FE-3BA3BC009DEF}.Debug|Win32.Build.0 = Debug|Win32
		{4B074304-CEB3-4D51-85FE-3BA3BC009DEF}.Release|Win32.ActiveCfg = Release|Win32
		{4B074304-CEB3-4D51-85FE-3BA3BC009DEF}.Release|Win32.Build.0 = Release|Win32
		{74973EA3-7040-4DD6-88C5-343543859CE5}.Debug|Win32.ActiveCfg = Debug|Win32
		{74973EA3-7040-4DD6-88C5-343543859CE5}.Debug|Win32.Build.0 = Debug|Win32
		{74973EA3-7040-4DD6-88C5-343543859CE5}.Release|Win32.ActiveCfg = Release|Win32
		{74973EA3-7040-4DD6-88C5-343543859CE5}.Release|Win32.Build.0 = Release|Win32
		{3C4B3F47-784A-44E4-8502-BF5EFCBCA99C}.Debug|Win32.ActiveCfg = Debug|Win32
		{3C4B3F47-784A-44E4-8502-BF5EFCBCA99C}.Debug|Win32.Build.0 = Debug|Win32
		{3C4B3F47-784A-44E4-8502-BF5EFCBCA99C}.Release|Win32.ActiveCfg = Release|Win32
		{3C4B3F47-784A-44E4-8502-BF5EFCBCA99C}.Release|Win32.Build.0 = Release|Win32
		{DFAFDE12-0AAC-4B37-BE04-D4488867D061}.Debug|Win32.ActiveCfg = Debug|Win32
		{DFAFDE12-0AAC-4B37-BE04-D4488867D061}.Debug|Win32.Build.0 = Debug|Win32
		{DFAFDE12-0AAC-4B37-BE04-D4488867D061}.Release|Win32.ActiveCfg = Release|Win32
		{DFAFDE12-0AAC-4B37-BE04-D4488867D061}.Release|Win32.Build.0 = Release|Win32
		{57348EF9-F73F-4C85-B5DC-AD8A2DCAF464}.Debug|Win32.ActiveCfg = Debug|Win32
		{57348EF9-F73F-4C85-B5DC-AD8A2DCAF464}.Debug|Win32.Build.0 = Debug|Win32
		{57348EF9-F73F-4C85-B5DC-AD8A2DCAF464}.Release|Win32.ActiveCfg = Release|Win32
		{57348EF9-F73F-4C85-B5DC-AD8A2DCAF464}.Release|Win32.Build.0 = Release|Win32
		{61887653-7E9F-4FFB-8262-DDD28779C63F}.Debug|Win32.ActiveCfg = Debug|Win32
		{61887653-7E9F-4FFB-8262-DDD28779C63F}.Debug|Win32.Build.0 = Debug|Win32
		{61887653-7E9F-4FFB-8262-DDD28779C63F}.Release|Win32.ActiveCfg = Release|Win32
		{61887653-7E9F-4FFB-8262-DDD28779C63F}.Release|Win32.Build.0 = Release|Win32
		{A15EAEBA-DA04-4A18-A886-8CCD42CD7DC9}.Debug|Win32.ActiveCfg = Debug|Win32
		{A15EAEBA-DA04-4A18-A886-8CCD42CD7DC9}.Debug|Win32.Build.0 = Debug|Win32
		{A15EAEBA-DA04-4A18-A886-8CCD42CD7DC9}.Release|Win32.ActiveCfg = Release|Win32
		{A15EAEBA-DA04-4A18-A886-8CCD42CD7DC9}.Release|Win32.Build.0 = Release|Win32
		{BF250980-EF7E-488D-8238-984624942D85}.Debug|Win32.ActiveCfg = Debug|Win32
		{BF250980-EF7E-488D-8238-984624942D85}.Debug|Win32.Build.0 = Debug|Win32
		{BF250980-EF7E-488D-8238-984624942D85}.Release|Win32.ActiveCfg = Release|Win32
		{BF250980-EF7E-488D-8238-984624942D85}.Release|Win32.Build.0 = Release|Win32
		{399693B1-ADFD-48AF-B01C-E3BB6472B27B}.Debug|Win32.ActiveCfg = Debug|Win32
		{399693B1-ADFD-48AF-B01C-E3BB6472B27B}.Debug|Win32.Build.0 = Debug|Win32
		{399693B1-ADFD-48AF-B01C-E3BB6472B27B}.Release|Win32.ActiveCfg = Release|Win32
		{399693B1-ADFD-48AF-B01C-E3BB6472B27B}.Release|Win32.Build.0 = Release|Win32
	EndGlobalSection
	GlobalSection(SolutionProperties) = preSolution
		HideSolutionNode = FALSE
	EndGlobalSection
	GlobalSection(NestedProjects) = preSolution
		{0E7497C1-A630-420B-BBD6-BA08E27069C7} = {43F04A45-4876-458A-A344-CB307A113497}
		{C5F9212A-131B-424A-BE61-5AAFC3FF6D56} = {43F04A45-4876-458A-A344-CB307A113497}
		{CCFB21C7-0922-4C29-B1AC-4D33094EBE06} = {43F04A45-4876-458A-A344-CB307A113497}
		{098EC8E1-0E02-473E-8977-81862ACD2657} = {43F04A45-4876-458A-A344-CB307A113497}
		{245FD70C-6B13-4581-B674-838551C69144} = {43F04A45-4876-458A-A344-CB307A113497}
		{1931D591-06F3-49E2-B1A8-4CD44EC456A9} = {43F04A45-4876-458A-A344-CB307A113497}
		{D7106239-8D92-452E-A278-3AC3F4027E66} = {43F04A45-4876-458A-A344-CB307A113497}
		{6A250684-14FF-453B-9669-59B3E79AACEA} = {9D20F0FB-04EA-4709-9165-267047ABB8D8}
		{B69E8855-9366-49BE-A96F-135C2778FD65} = {9D20F0FB-04EA-4709-9165-267047ABB8D8}
		{EB4F833A-9A88-4A13-988D-0F4AF178A41F} = {9D20F0FB-04EA-4709-9165-267047ABB8D8}
		{E94B0669-6404-4170-9786-94963E388A11} = {9D20F0FB-04EA-4709-9165-267047ABB8D8}
		{012CC5FC-0035-4820-B6A8-AD314D1759D5} = {9D20F0FB-04EA-4709-9165-267047ABB8D8}
		{4B074304-CEB3-4D51-85FE-3BA3BC009DEF} = {9D20F0FB-04EA-4709-9165-267047ABB8D8}
		{74973EA3-7040-4DD6-88C5-343543859CE5} = {9D20F0FB-04EA-4709-9165-267047ABB8D8}
		{3C4B3F47-784A-44E4-8502-BF5EFCBCA99C} = {9D20F0FB-04EA-4709-9165-267047ABB8D8}
		{DFAFDE12-0AAC-4B37-BE04-D4488867D061} = {9D20F0FB-04EA-4709-9165-267047ABB8D8}
		{57348EF9-F73F-4C85-B5DC-AD8A2DCAF464} = {9D20F0FB-04EA-4709-9165-267047ABB8D8}
		{61887653-7E9F-4FFB-8262-DDD28779C63F} = {9D20F0FB-04EA-4709-9165-267047ABB8D8}
		{A15EAEBA-DA04-4A18-A886-8CCD42CD7DC9} = {9D20F0FB-04EA-4709-9165-267047ABB8D8}
		{BF250980-EF7E-488D-8238-984624942D85} = {9D20F0FB-04EA-4709-9165-267047ABB8D8}
		{399693B1-ADFD-48AF-B01C-E3BB6472B27B} = {9D20F0FB-04EA-4709-9165-267047ABB8D8}
	EndGlobalSection
EndGlobal
